// !$*UTF8*$!
{
	archiveVersion = 1;
	classes = {
	};
	objectVersion = 56;
	objects = {

/* Begin PBXBuildFile section */
		047D6C872C15D461005E4154 /* FourInOneApp.swift in Sources */ = {isa = PBXBuildFile; fileRef = 047D6C862C15D461005E4154 /* FourInOneApp.swift */; };
		047D6C8B2C15D463005E4154 /* Assets.xcassets in Resources */ = {isa = PBXBuildFile; fileRef = 047D6C8A2C15D463005E4154 /* Assets.xcassets */; };
		047D6C8E2C15D464005E4154 /* Preview Assets.xcassets in Resources */ = {isa = PBXBuildFile; fileRef = 047D6C8D2C15D464005E4154 /* Preview Assets.xcassets */; };
		048E16BF2C15D572007CED04 /* MainView.swift in Sources */ = {isa = PBXBuildFile; fileRef = 048E16BE2C15D572007CED04 /* MainView.swift */; };
		048E16C82C15D950007CED04 /* MainCoordinator.swift in Sources */ = {isa = PBXBuildFile; fileRef = 048E16C72C15D950007CED04 /* MainCoordinator.swift */; };
		048E16CB2C15D96C007CED04 /* Component in Frameworks */ = {isa = PBXBuildFile; productRef = 048E16CA2C15D96C007CED04 /* Component */; };
		048E16CD2C15D970007CED04 /* Router in Frameworks */ = {isa = PBXBuildFile; productRef = 048E16CC2C15D970007CED04 /* Router */; };
		048E16CF2C15D998007CED04 /* MainBuilder.swift in Sources */ = {isa = PBXBuildFile; fileRef = 048E16CE2C15D998007CED04 /* MainBuilder.swift */; };
		048E16D32C15DBA7007CED04 /* Azon in Frameworks */ = {isa = PBXBuildFile; productRef = 048E16D22C15DBA7007CED04 /* Azon */; };
		048E16D52C15DBAB007CED04 /* CoreModel in Frameworks */ = {isa = PBXBuildFile; productRef = 048E16D42C15DBAB007CED04 /* CoreModel */; };
		048E16D82C16080F007CED04 /* News in Frameworks */ = {isa = PBXBuildFile; productRef = 048E16D72C16080F007CED04 /* News */; };
		048E16DB2C16099E007CED04 /* Weather in Frameworks */ = {isa = PBXBuildFile; productRef = 048E16DA2C16099E007CED04 /* Weather */; };
		048E16DE2C160B32007CED04 /* Movie in Frameworks */ = {isa = PBXBuildFile; productRef = 048E16DD2C160B32007CED04 /* Movie */; };
		04961ED12C1B7C3F009AA214 /* AppDelegate.swift in Sources */ = {isa = PBXBuildFile; fileRef = 04961ED02C1B7C3F009AA214 /* AppDelegate.swift */; };
		04961ED32C1B7C78009AA214 /* SceneDelegate.swift in Sources */ = {isa = PBXBuildFile; fileRef = 04961ED22C1B7C77009AA214 /* SceneDelegate.swift */; };
		04961ED52C1B7CD4009AA214 /* YandexMapWarepper in Frameworks */ = {isa = PBXBuildFile; productRef = 04961ED42C1B7CD4009AA214 /* YandexMapWarepper */; };
/* End PBXBuildFile section */

/* Begin PBXFileReference section */
		047D6C832C15D461005E4154 /* FourInOne.app */ = {isa = PBXFileReference; explicitFileType = wrapper.application; includeInIndex = 0; path = FourInOne.app; sourceTree = BUILT_PRODUCTS_DIR; };
		047D6C862C15D461005E4154 /* FourInOneApp.swift */ = {isa = PBXFileReference; lastKnownFileType = sourcecode.swift; path = FourInOneApp.swift; sourceTree = "<group>"; };
		047D6C8A2C15D463005E4154 /* Assets.xcassets */ = {isa = PBXFileReference; lastKnownFileType = folder.assetcatalog; path = Assets.xcassets; sourceTree = "<group>"; };
		047D6C8D2C15D464005E4154 /* Preview Assets.xcassets */ = {isa = PBXFileReference; lastKnownFileType = folder.assetcatalog; path = "Preview Assets.xcassets"; sourceTree = "<group>"; };
		048E16BE2C15D572007CED04 /* MainView.swift */ = {isa = PBXFileReference; lastKnownFileType = sourcecode.swift; path = MainView.swift; sourceTree = "<group>"; };
		048E16C52C15D67C007CED04 /* Component */ = {isa = PBXFileReference; lastKnownFileType = text; path = Component; sourceTree = SOURCE_ROOT; };
		048E16C62C15D86F007CED04 /* Router */ = {isa = PBXFileReference; lastKnownFileType = text; path = Router; sourceTree = SOURCE_ROOT; };
		048E16C72C15D950007CED04 /* MainCoordinator.swift */ = {isa = PBXFileReference; lastKnownFileType = sourcecode.swift; path = MainCoordinator.swift; sourceTree = "<group>"; };
		048E16CE2C15D998007CED04 /* MainBuilder.swift */ = {isa = PBXFileReference; lastKnownFileType = sourcecode.swift; path = MainBuilder.swift; sourceTree = "<group>"; };
		048E16D02C15DA3F007CED04 /* Azon */ = {isa = PBXFileReference; lastKnownFileType = text; path = Azon; sourceTree = SOURCE_ROOT; };
		048E16D12C15DB90007CED04 /* CoreModel */ = {isa = PBXFileReference; lastKnownFileType = text; path = CoreModel; sourceTree = SOURCE_ROOT; };
		048E16D62C16068A007CED04 /* News */ = {isa = PBXFileReference; lastKnownFileType = text; path = News; sourceTree = SOURCE_ROOT; };
		048E16D92C160891007CED04 /* Weather */ = {isa = PBXFileReference; lastKnownFileType = text; path = Weather; sourceTree = SOURCE_ROOT; };
		048E16DC2C160A22007CED04 /* Movie */ = {isa = PBXFileReference; lastKnownFileType = text; path = Movie; sourceTree = SOURCE_ROOT; };
		04961ECF2C1B7AB2009AA214 /* YandexMapWarepper */ = {isa = PBXFileReference; lastKnownFileType = text; path = YandexMapWarepper; sourceTree = SOURCE_ROOT; };
		04961ED02C1B7C3F009AA214 /* AppDelegate.swift */ = {isa = PBXFileReference; lastKnownFileType = sourcecode.swift; path = AppDelegate.swift; sourceTree = "<group>"; };
		04961ED22C1B7C77009AA214 /* SceneDelegate.swift */ = {isa = PBXFileReference; lastKnownFileType = sourcecode.swift; path = SceneDelegate.swift; sourceTree = "<group>"; };
/* End PBXFileReference section */

/* Begin PBXFrameworksBuildPhase section */
		047D6C802C15D461005E4154 /* Frameworks */ = {
			isa = PBXFrameworksBuildPhase;
			buildActionMask = 2147483647;
			files = (
				048E16CB2C15D96C007CED04 /* Component in Frameworks */,
				048E16D32C15DBA7007CED04 /* Azon in Frameworks */,
				048E16DE2C160B32007CED04 /* Movie in Frameworks */,
				048E16D82C16080F007CED04 /* News in Frameworks */,
				048E16DB2C16099E007CED04 /* Weather in Frameworks */,
				048E16CD2C15D970007CED04 /* Router in Frameworks */,
				04961ED52C1B7CD4009AA214 /* YandexMapWarepper in Frameworks */,
				048E16D52C15DBAB007CED04 /* CoreModel in Frameworks */,
			);
			runOnlyForDeploymentPostprocessing = 0;
		};
/* End PBXFrameworksBuildPhase section */

/* Begin PBXGroup section */
		047D6C7A2C15D461005E4154 = {
			isa = PBXGroup;
			children = (
				048E16C32C15D5DE007CED04 /* Components */,
				048E16C22C15D5D7007CED04 /* Feature */,
				047D6C852C15D461005E4154 /* FourInOne */,
				047D6C842C15D461005E4154 /* Products */,
				048E16C92C15D96C007CED04 /* Frameworks */,
			);
			sourceTree = "<group>";
		};
		047D6C842C15D461005E4154 /* Products */ = {
			isa = PBXGroup;
			children = (
				047D6C832C15D461005E4154 /* FourInOne.app */,
			);
			name = Products;
			sourceTree = "<group>";
		};
		047D6C852C15D461005E4154 /* FourInOne */ = {
			isa = PBXGroup;
			children = (
				047D6C862C15D461005E4154 /* FourInOneApp.swift */,
				048E16C42C15D63B007CED04 /* Main */,
				047D6C8A2C15D463005E4154 /* Assets.xcassets */,
				047D6C8C2C15D464005E4154 /* Preview Content */,
			);
			path = FourInOne;
			sourceTree = "<group>";
		};
		047D6C8C2C15D464005E4154 /* Preview Content */ = {
			isa = PBXGroup;
			children = (
				047D6C8D2C15D464005E4154 /* Preview Assets.xcassets */,
			);
			path = "Preview Content";
			sourceTree = "<group>";
		};
		048E16C22C15D5D7007CED04 /* Feature */ = {
			isa = PBXGroup;
			children = (
				048E16DC2C160A22007CED04 /* Movie */,
				048E16D92C160891007CED04 /* Weather */,
				048E16D62C16068A007CED04 /* News */,
				048E16D02C15DA3F007CED04 /* Azon */,
			);
			path = Feature;
			sourceTree = "<group>";
		};
		048E16C32C15D5DE007CED04 /* Components */ = {
			isa = PBXGroup;
			children = (
				04961ECF2C1B7AB2009AA214 /* YandexMapWarepper */,
				048E16D12C15DB90007CED04 /* CoreModel */,
				048E16C62C15D86F007CED04 /* Router */,
				048E16C52C15D67C007CED04 /* Component */,
			);
			path = Components;
			sourceTree = "<group>";
		};
		048E16C42C15D63B007CED04 /* Main */ = {
			isa = PBXGroup;
			children = (
				048E16CE2C15D998007CED04 /* MainBuilder.swift */,
				048E16BE2C15D572007CED04 /* MainView.swift */,
				048E16C72C15D950007CED04 /* MainCoordinator.swift */,
				04961ED02C1B7C3F009AA214 /* AppDelegate.swift */,
				04961ED22C1B7C77009AA214 /* SceneDelegate.swift */,
			);
			path = Main;
			sourceTree = "<group>";
		};
		048E16C92C15D96C007CED04 /* Frameworks */ = {
			isa = PBXGroup;
			children = (
			);
			name = Frameworks;
			sourceTree = "<group>";
		};
/* End PBXGroup section */

/* Begin PBXNativeTarget section */
		047D6C822C15D461005E4154 /* FourInOne */ = {
			isa = PBXNativeTarget;
			buildConfigurationList = 047D6C912C15D464005E4154 /* Build configuration list for PBXNativeTarget "FourInOne" */;
			buildPhases = (
				047D6C7F2C15D461005E4154 /* Sources */,
				047D6C802C15D461005E4154 /* Frameworks */,
				047D6C812C15D461005E4154 /* Resources */,
			);
			buildRules = (
			);
			dependencies = (
			);
			name = FourInOne;
			packageProductDependencies = (
				048E16CA2C15D96C007CED04 /* Component */,
				048E16CC2C15D970007CED04 /* Router */,
				048E16D22C15DBA7007CED04 /* Azon */,
				048E16D42C15DBAB007CED04 /* CoreModel */,
				048E16D72C16080F007CED04 /* News */,
				048E16DA2C16099E007CED04 /* Weather */,
				048E16DD2C160B32007CED04 /* Movie */,
				04961ED42C1B7CD4009AA214 /* YandexMapWarepper */,
			);
			productName = FourInOne;
			productReference = 047D6C832C15D461005E4154 /* FourInOne.app */;
			productType = "com.apple.product-type.application";
		};
/* End PBXNativeTarget section */

/* Begin PBXProject section */
		047D6C7B2C15D461005E4154 /* Project object */ = {
			isa = PBXProject;
			attributes = {
				BuildIndependentTargetsInParallel = 1;
				LastSwiftUpdateCheck = 1510;
				LastUpgradeCheck = 1510;
				TargetAttributes = {
					047D6C822C15D461005E4154 = {
						CreatedOnToolsVersion = 15.1;
					};
				};
			};
			buildConfigurationList = 047D6C7E2C15D461005E4154 /* Build configuration list for PBXProject "FourInOne" */;
			compatibilityVersion = "Xcode 14.0";
			developmentRegion = en;
			hasScannedForEncodings = 0;
			knownRegions = (
				en,
				Base,
			);
			mainGroup = 047D6C7A2C15D461005E4154;
			packageReferences = (
				04961ECC2C1B7A73009AA214 /* XCRemoteSwiftPackageReference "YandexMapsMobileLite" */,
			);
			productRefGroup = 047D6C842C15D461005E4154 /* Products */;
			projectDirPath = "";
			projectRoot = "";
			targets = (
				047D6C822C15D461005E4154 /* FourInOne */,
			);
		};
/* End PBXProject section */

/* Begin PBXResourcesBuildPhase section */
		047D6C812C15D461005E4154 /* Resources */ = {
			isa = PBXResourcesBuildPhase;
			buildActionMask = 2147483647;
			files = (
				047D6C8E2C15D464005E4154 /* Preview Assets.xcassets in Resources */,
				047D6C8B2C15D463005E4154 /* Assets.xcassets in Resources */,
			);
			runOnlyForDeploymentPostprocessing = 0;
		};
/* End PBXResourcesBuildPhase section */

/* Begin PBXSourcesBuildPhase section */
		047D6C7F2C15D461005E4154 /* Sources */ = {
			isa = PBXSourcesBuildPhase;
			buildActionMask = 2147483647;
			files = (
				048E16C82C15D950007CED04 /* MainCoordinator.swift in Sources */,
				048E16BF2C15D572007CED04 /* MainView.swift in Sources */,
				047D6C872C15D461005E4154 /* FourInOneApp.swift in Sources */,
				04961ED12C1B7C3F009AA214 /* AppDelegate.swift in Sources */,
				048E16CF2C15D998007CED04 /* MainBuilder.swift in Sources */,
				04961ED32C1B7C78009AA214 /* SceneDelegate.swift in Sources */,
			);
			runOnlyForDeploymentPostprocessing = 0;
		};
/* End PBXSourcesBuildPhase section */

/* Begin XCBuildConfiguration section */
		047D6C8F2C15D464005E4154 /* Debug */ = {
			isa = XCBuildConfiguration;
			buildSettings = {
				ALWAYS_SEARCH_USER_PATHS = NO;
				ASSETCATALOG_COMPILER_GENERATE_SWIFT_ASSET_SYMBOL_EXTENSIONS = YES;
				CLANG_ANALYZER_NONNULL = YES;
				CLANG_ANALYZER_NUMBER_OBJECT_CONVERSION = YES_AGGRESSIVE;
				CLANG_CXX_LANGUAGE_STANDARD = "gnu++20";
				CLANG_ENABLE_MODULES = YES;
				CLANG_ENABLE_OBJC_ARC = YES;
				CLANG_ENABLE_OBJC_WEAK = YES;
				CLANG_WARN_BLOCK_CAPTURE_AUTORELEASING = YES;
				CLANG_WARN_BOOL_CONVERSION = YES;
				CLANG_WARN_COMMA = YES;
				CLANG_WARN_CONSTANT_CONVERSION = YES;
				CLANG_WARN_DEPRECATED_OBJC_IMPLEMENTATIONS = YES;
				CLANG_WARN_DIRECT_OBJC_ISA_USAGE = YES_ERROR;
				CLANG_WARN_DOCUMENTATION_COMMENTS = YES;
				CLANG_WARN_EMPTY_BODY = YES;
				CLANG_WARN_ENUM_CONVERSION = YES;
				CLANG_WARN_INFINITE_RECURSION = YES;
				CLANG_WARN_INT_CONVERSION = YES;
				CLANG_WARN_NON_LITERAL_NULL_CONVERSION = YES;
				CLANG_WARN_OBJC_IMPLICIT_RETAIN_SELF = YES;
				CLANG_WARN_OBJC_LITERAL_CONVERSION = YES;
				CLANG_WARN_OBJC_ROOT_CLASS = YES_ERROR;
				CLANG_WARN_QUOTED_INCLUDE_IN_FRAMEWORK_HEADER = YES;
				CLANG_WARN_RANGE_LOOP_ANALYSIS = YES;
				CLANG_WARN_STRICT_PROTOTYPES = YES;
				CLANG_WARN_SUSPICIOUS_MOVE = YES;
				CLANG_WARN_UNGUARDED_AVAILABILITY = YES_AGGRESSIVE;
				CLANG_WARN_UNREACHABLE_CODE = YES;
				CLANG_WARN__DUPLICATE_METHOD_MATCH = YES;
				COPY_PHASE_STRIP = NO;
				DEBUG_INFORMATION_FORMAT = dwarf;
				ENABLE_STRICT_OBJC_MSGSEND = YES;
				ENABLE_TESTABILITY = YES;
				ENABLE_USER_SCRIPT_SANDBOXING = YES;
				GCC_C_LANGUAGE_STANDARD = gnu17;
				GCC_DYNAMIC_NO_PIC = NO;
				GCC_NO_COMMON_BLOCKS = YES;
				GCC_OPTIMIZATION_LEVEL = 0;
				GCC_PREPROCESSOR_DEFINITIONS = (
					"DEBUG=1",
					"$(inherited)",
				);
				GCC_WARN_64_TO_32_BIT_CONVERSION = YES;
				GCC_WARN_ABOUT_RETURN_TYPE = YES_ERROR;
				GCC_WARN_UNDECLARED_SELECTOR = YES;
				GCC_WARN_UNINITIALIZED_AUTOS = YES_AGGRESSIVE;
				GCC_WARN_UNUSED_FUNCTION = YES;
				GCC_WARN_UNUSED_VARIABLE = YES;
				IPHONEOS_DEPLOYMENT_TARGET = 17.2;
				LOCALIZATION_PREFERS_STRING_CATALOGS = YES;
				MTL_ENABLE_DEBUG_INFO = INCLUDE_SOURCE;
				MTL_FAST_MATH = YES;
				ONLY_ACTIVE_ARCH = YES;
				SDKROOT = iphoneos;
				SWIFT_ACTIVE_COMPILATION_CONDITIONS = "DEBUG $(inherited)";
				SWIFT_OPTIMIZATION_LEVEL = "-Onone";
			};
			name = Debug;
		};
		047D6C902C15D464005E4154 /* Release */ = {
			isa = XCBuildConfiguration;
			buildSettings = {
				ALWAYS_SEARCH_USER_PATHS = NO;
				ASSETCATALOG_COMPILER_GENERATE_SWIFT_ASSET_SYMBOL_EXTENSIONS = YES;
				CLANG_ANALYZER_NONNULL = YES;
				CLANG_ANALYZER_NUMBER_OBJECT_CONVERSION = YES_AGGRESSIVE;
				CLANG_CXX_LANGUAGE_STANDARD = "gnu++20";
				CLANG_ENABLE_MODULES = YES;
				CLANG_ENABLE_OBJC_ARC = YES;
				CLANG_ENABLE_OBJC_WEAK = YES;
				CLANG_WARN_BLOCK_CAPTURE_AUTORELEASING = YES;
				CLANG_WARN_BOOL_CONVERSION = YES;
				CLANG_WARN_COMMA = YES;
				CLANG_WARN_CONSTANT_CONVERSION = YES;
				CLANG_WARN_DEPRECATED_OBJC_IMPLEMENTATIONS = YES;
				CLANG_WARN_DIRECT_OBJC_ISA_USAGE = YES_ERROR;
				CLANG_WARN_DOCUMENTATION_COMMENTS = YES;
				CLANG_WARN_EMPTY_BODY = YES;
				CLANG_WARN_ENUM_CONVERSION = YES;
				CLANG_WARN_INFINITE_RECURSION = YES;
				CLANG_WARN_INT_CONVERSION = YES;
				CLANG_WARN_NON_LITERAL_NULL_CONVERSION = YES;
				CLANG_WARN_OBJC_IMPLICIT_RETAIN_SELF = YES;
				CLANG_WARN_OBJC_LITERAL_CONVERSION = YES;
				CLANG_WARN_OBJC_ROOT_CLASS = YES_ERROR;
				CLANG_WARN_QUOTED_INCLUDE_IN_FRAMEWORK_HEADER = YES;
				CLANG_WARN_RANGE_LOOP_ANALYSIS = YES;
				CLANG_WARN_STRICT_PROTOTYPES = YES;
				CLANG_WARN_SUSPICIOUS_MOVE = YES;
				CLANG_WARN_UNGUARDED_AVAILABILITY = YES_AGGRESSIVE;
				CLANG_WARN_UNREACHABLE_CODE = YES;
				CLANG_WARN__DUPLICATE_METHOD_MATCH = YES;
				COPY_PHASE_STRIP = NO;
				DEBUG_INFORMATION_FORMAT = "dwarf-with-dsym";
				ENABLE_NS_ASSERTIONS = NO;
				ENABLE_STRICT_OBJC_MSGSEND = YES;
				ENABLE_USER_SCRIPT_SANDBOXING = YES;
				GCC_C_LANGUAGE_STANDARD = gnu17;
				GCC_NO_COMMON_BLOCKS = YES;
				GCC_WARN_64_TO_32_BIT_CONVERSION = YES;
				GCC_WARN_ABOUT_RETURN_TYPE = YES_ERROR;
				GCC_WARN_UNDECLARED_SELECTOR = YES;
				GCC_WARN_UNINITIALIZED_AUTOS = YES_AGGRESSIVE;
				GCC_WARN_UNUSED_FUNCTION = YES;
				GCC_WARN_UNUSED_VARIABLE = YES;
				IPHONEOS_DEPLOYMENT_TARGET = 17.2;
				LOCALIZATION_PREFERS_STRING_CATALOGS = YES;
				MTL_ENABLE_DEBUG_INFO = NO;
				MTL_FAST_MATH = YES;
				SDKROOT = iphoneos;
				SWIFT_COMPILATION_MODE = wholemodule;
				VALIDATE_PRODUCT = YES;
			};
			name = Release;
		};
		047D6C922C15D464005E4154 /* Debug */ = {
			isa = XCBuildConfiguration;
			buildSettings = {
				ASSETCATALOG_COMPILER_APPICON_NAME = AppIcon;
				ASSETCATALOG_COMPILER_GLOBAL_ACCENT_COLOR_NAME = AccentColor;
				CODE_SIGN_IDENTITY = "Apple Development";
				CODE_SIGN_STYLE = Automatic;
				CURRENT_PROJECT_VERSION = 1;
				DEVELOPMENT_ASSET_PATHS = "\"FourInOne/Preview Content\"";
				DEVELOPMENT_TEAM = KC9TW94N9S;
				ENABLE_PREVIEWS = YES;
				GENERATE_INFOPLIST_FILE = YES;
				INFOPLIST_KEY_NSLocationWhenInUseUsageDescription = "To use this feature app need to acces your location";
				INFOPLIST_KEY_UIApplicationSceneManifest_Generation = YES;
				INFOPLIST_KEY_UIApplicationSupportsIndirectInputEvents = YES;
				INFOPLIST_KEY_UILaunchScreen_Generation = YES;
				INFOPLIST_KEY_UISupportedInterfaceOrientations = UIInterfaceOrientationPortrait;
				INFOPLIST_KEY_UISupportedInterfaceOrientations_iPad = "UIInterfaceOrientationLandscapeLeft UIInterfaceOrientationLandscapeRight UIInterfaceOrientationPortrait";
				IPHONEOS_DEPLOYMENT_TARGET = 17.0;
				LD_RUNPATH_SEARCH_PATHS = (
					"$(inherited)",
					"@executable_path/Frameworks",
				);
				MARKETING_VERSION = 1.0;
				PRODUCT_BUNDLE_IDENTIFIER = com.sanatillayev.FourInOne;
				PRODUCT_NAME = "$(TARGET_NAME)";
				PROVISIONING_PROFILE_SPECIFIER = "";
				SWIFT_EMIT_LOC_STRINGS = YES;
				SWIFT_VERSION = 5.0;
				TARGETED_DEVICE_FAMILY = "1,2";
			};
			name = Debug;
		};
		047D6C932C15D464005E4154 /* Release */ = {
			isa = XCBuildConfiguration;
			buildSettings = {
				ASSETCATALOG_COMPILER_APPICON_NAME = AppIcon;
				ASSETCATALOG_COMPILER_GLOBAL_ACCENT_COLOR_NAME = AccentColor;
				CODE_SIGN_IDENTITY = "Apple Development";
				CODE_SIGN_STYLE = Automatic;
				CURRENT_PROJECT_VERSION = 1;
				DEVELOPMENT_ASSET_PATHS = "\"FourInOne/Preview Content\"";
				DEVELOPMENT_TEAM = KC9TW94N9S;
				ENABLE_PREVIEWS = YES;
				GENERATE_INFOPLIST_FILE = YES;
				INFOPLIST_KEY_NSLocationWhenInUseUsageDescription = "To use this feature app need to acces your location";
				INFOPLIST_KEY_UIApplicationSceneManifest_Generation = YES;
				INFOPLIST_KEY_UIApplicationSupportsIndirectInputEvents = YES;
				INFOPLIST_KEY_UILaunchScreen_Generation = YES;
				INFOPLIST_KEY_UISupportedInterfaceOrientations = UIInterfaceOrientationPortrait;
				INFOPLIST_KEY_UISupportedInterfaceOrientations_iPad = "UIInterfaceOrientationLandscapeLeft UIInterfaceOrientationLandscapeRight UIInterfaceOrientationPortrait";
				IPHONEOS_DEPLOYMENT_TARGET = 17.0;
				LD_RUNPATH_SEARCH_PATHS = (
					"$(inherited)",
					"@executable_path/Frameworks",
				);
				MARKETING_VERSION = 1.0;
				PRODUCT_BUNDLE_IDENTIFIER = com.sanatillayev.FourInOne;
				PRODUCT_NAME = "$(TARGET_NAME)";
				PROVISIONING_PROFILE_SPECIFIER = "";
				SWIFT_EMIT_LOC_STRINGS = YES;
				SWIFT_VERSION = 5.0;
				TARGETED_DEVICE_FAMILY = "1,2";
			};
			name = Release;
		};
/* End XCBuildConfiguration section */

/* Begin XCConfigurationList section */
		047D6C7E2C15D461005E4154 /* Build configuration list for PBXProject "FourInOne" */ = {
			isa = XCConfigurationList;
			buildConfigurations = (
				047D6C8F2C15D464005E4154 /* Debug */,
				047D6C902C15D464005E4154 /* Release */,
			);
			defaultConfigurationIsVisible = 0;
			defaultConfigurationName = Release;
		};
		047D6C912C15D464005E4154 /* Build configuration list for PBXNativeTarget "FourInOne" */ = {
			isa = XCConfigurationList;
			buildConfigurations = (
				047D6C922C15D464005E4154 /* Debug */,
				047D6C932C15D464005E4154 /* Release */,
			);
			defaultConfigurationIsVisible = 0;
			defaultConfigurationName = Release;
		};
/* End XCConfigurationList section */

/* Begin XCRemoteSwiftPackageReference section */
		04961ECC2C1B7A73009AA214 /* XCRemoteSwiftPackageReference "YandexMapsMobileLite" */ = {
			isa = XCRemoteSwiftPackageReference;
			repositoryURL = "https://github.com/c-villain/YandexMapsMobileLite.git";
			requirement = {
				kind = upToNextMajorVersion;
				minimumVersion = 4.6.1;
			};
		};
/* End XCRemoteSwiftPackageReference section */

/* Begin XCSwiftPackageProductDependency section */
		048E16CA2C15D96C007CED04 /* Component */ = {
			isa = XCSwiftPackageProductDependency;
			productName = Component;
		};
		048E16CC2C15D970007CED04 /* Router */ = {
			isa = XCSwiftPackageProductDependency;
			productName = Router;
		};
		048E16D22C15DBA7007CED04 /* Azon */ = {
			isa = XCSwiftPackageProductDependency;
			productName = Azon;
		};
		048E16D42C15DBAB007CED04 /* CoreModel */ = {
			isa = XCSwiftPackageProductDependency;
			productName = CoreModel;
		};
		048E16D72C16080F007CED04 /* News */ = {
			isa = XCSwiftPackageProductDependency;
			productName = News;
		};
		048E16DA2C16099E007CED04 /* Weather */ = {
			isa = XCSwiftPackageProductDependency;
			productName = Weather;
		};
		048E16DD2C160B32007CED04 /* Movie */ = {
			isa = XCSwiftPackageProductDependency;
			productName = Movie;
		};
		04961ED42C1B7CD4009AA214 /* YandexMapWarepper */ = {
			isa = XCSwiftPackageProductDependency;
			productName = YandexMapWarepper;
		};
/* End XCSwiftPackageProductDependency section */
	};
	rootObject = 047D6C7B2C15D461005E4154 /* Project object */;
}
